
Microsoft Visual Studio Solution File, Format Version 12.00
# Visual Studio Version 16
VisualStudioVersion = 16.0.30621.155
MinimumVisualStudioVersion = 10.0.40219.1
Project("{FAE04EC0-301F-11D3-BF4B-00C04F79EFBC}") = "jenkinsFirstSample", "jenkinsFirstSample\jenkinsFirstSample.csproj", "{0BB4F24D-FD0F-4550-ADA0-4410AD179991}"
EndProject
Global
	GlobalSection(SolutionConfigurationPlatforms) = preSolution
		Debug|Any CPU = Debug|Any CPU
		Release|Any CPU = Release|Any CPU
	EndGlobalSection
	GlobalSection(ProjectConfigurationPlatforms) = postSolution
		{0BB4F24D-FD0F-4550-ADA0-4410AD179991}.Debug|Any CPU.ActiveCfg = Debug|Any CPU
		{0BB4F24D-FD0F-4550-ADA0-4410AD179991}.Debug|Any CPU.Build.0 = Debug|Any CPU
		{0BB4F24D-FD0F-4550-ADA0-4410AD179991}.Release|Any CPU.ActiveCfg = Release|Any CPU
		{0BB4F24D-FD0F-4550-ADA0-4410AD179991}.Release|Any CPU.Build.0 = Release|Any CPU
	EndGlobalSection
	GlobalSection(SolutionProperties) = preSolution
		HideSolutionNode = FALSE
	EndGlobalSection
	GlobalSection(ExtensibilityGlobals) = postSolution
		SolutionGuid = {C01C9AED-0F78-49D8-B641-25A15109D87D}
	EndGlobalSection
EndGlobal
